
Microsoft Visual Studio Solution File, Format Version 12.00
# Visual Studio Version 17
VisualStudioVersion = 17.5.33530.505
MinimumVisualStudioVersion = 10.0.40219.1
Project("{FAE04EC0-301F-11D3-BF4B-00C04F79EFBC}") = "PrecargadoDeInformacion", "PrecargadoDeInformacion.csproj", "{6119343D-52F6-4C2A-B41F-F958AF7AAE8B}"
EndProject
Global
	GlobalSection(SolutionConfigurationPlatforms) = preSolution
		Debug|Any CPU = Debug|Any CPU
		Release|Any CPU = Release|Any CPU
	EndGlobalSection
	GlobalSection(ProjectConfigurationPlatforms) = postSolution
		{6119343D-52F6-4C2A-B41F-F958AF7AAE8B}.Debug|Any CPU.ActiveCfg = Debug|Any CPU
		{6119343D-52F6-4C2A-B41F-F958AF7AAE8B}.Debug|Any CPU.Build.0 = Debug|Any CPU
		{6119343D-52F6-4C2A-B41F-F958AF7AAE8B}.Release|Any CPU.ActiveCfg = Release|Any CPU
		{6119343D-52F6-4C2A-B41F-F958AF7AAE8B}.Release|Any CPU.Build.0 = Release|Any CPU
	EndGlobalSection
	GlobalSection(SolutionProperties) = preSolution
		HideSolutionNode = FALSE
	EndGlobalSection
	GlobalSection(ExtensibilityGlobals) = postSolution
		SolutionGuid = {28157FAC-718E-40FE-BE39-2ECA896A76E1}
	EndGlobalSection
EndGlobal
